
Microsoft Visual Studio Solution File, Format Version 12.00
# Visual Studio 15
VisualStudioVersion = 15.0.26730.16
MinimumVisualStudioVersion = 10.0.40219.1
Project("{9A19103F-16F7-4668-BE54-9A1E7A4F7556}") = "EShop.WEB", "EShop\EShop.WEB.csproj", "{05D01D3C-6A69-4D0E-9616-0F54C400675F}"
EndProject
Project("{FAE04EC0-301F-11D3-BF4B-00C04F79EFBC}") = "EShop.DAL", "EShop.DAL\EShop.DAL.csproj", "{254A41AA-B9AF-4AA9-B26C-B0A365A9BFB1}"
EndProject
Global
	GlobalSection(SolutionConfigurationPlatforms) = preSolution
		Debug|Any CPU = Debug|Any CPU
		Release|Any CPU = Release|Any CPU
	EndGlobalSection
	GlobalSection(ProjectConfigurationPlatforms) = postSolution
		{05D01D3C-6A69-4D0E-9616-0F54C400675F}.Debug|Any CPU.ActiveCfg = Debug|Any CPU
		{05D01D3C-6A69-4D0E-9616-0F54C400675F}.Debug|Any CPU.Build.0 = Debug|Any CPU
		{05D01D3C-6A69-4D0E-9616-0F54C400675F}.Release|Any CPU.ActiveCfg = Release|Any CPU
		{05D01D3C-6A69-4D0E-9616-0F54C400675F}.Release|Any CPU.Build.0 = Release|Any CPU
		{254A41AA-B9AF-4AA9-B26C-B0A365A9BFB1}.Debug|Any CPU.ActiveCfg = Debug|Any CPU
		{254A41AA-B9AF-4AA9-B26C-B0A365A9BFB1}.Debug|Any CPU.Build.0 = Debug|Any CPU
		{254A41AA-B9AF-4AA9-B26C-B0A365A9BFB1}.Release|Any CPU.ActiveCfg = Release|Any CPU
		{254A41AA-B9AF-4AA9-B26C-B0A365A9BFB1}.Release|Any CPU.Build.0 = Release|Any CPU
	EndGlobalSection
	GlobalSection(SolutionProperties) = preSolution
		HideSolutionNode = FALSE
	EndGlobalSection
	GlobalSection(ExtensibilityGlobals) = postSolution
		SolutionGuid = {79E016BB-D19B-4B5F-8FB1-874447EF1948}
	EndGlobalSection
EndGlobal
